// !$*UTF8*$!
{
	archiveVersion = 1;
	classes = {
	};
	objectVersion = 77;
	objects = {

/* Begin PBXBuildFile section */
		06BC635123652DBFF07AADFA6262E613 /* NativeRefinementStoreTests.swift in Sources */ = {isa = PBXBuildFile; fileRef = EE5F6F3C7CEAF4B562BB5019D5FE816A /* NativeRefinementStoreTests.swift */; };
		0A52D4F2F80690254436B76A5AD1E483 /* AppRootContainer.swift in Sources */ = {isa = PBXBuildFile; fileRef = 9425F7B430B0D8B3AFE326D0C0909962 /* AppRootContainer.swift */; };
		0C6FC3A34BD568A752607514F8BA7AED /* RunStoreRecovery.swift in Sources */ = {isa = PBXBuildFile; fileRef = 280C854718532A5993513CEEC1EC5A4E /* RunStoreRecovery.swift */; };
		0CCD9BA0E4B785ECBDF4A64FAB56D3CC /* WorkspaceScopeStrip.swift in Sources */ = {isa = PBXBuildFile; fileRef = 575B0E14ED55065EB02059E944639057 /* WorkspaceScopeStrip.swift */; };
		18177AB3DF80448BFB660CAD94C47F97 /* PaperBananaModels.swift in Sources */ = {isa = PBXBuildFile; fileRef = 4D4DE3D5ECB22E313B91148E2C566696 /* PaperBananaModels.swift */; };
		1C3B4F15663420851C488DBFE86A3A97 /* ArtifactLibraryModels.swift in Sources */ = {isa = PBXBuildFile; fileRef = A288D32D0C0E5969B3178F174274AC3B /* ArtifactLibraryModels.swift */; };
		1C611A29C7E9FEBE77F91792E73F74BF /* NativeProviderResponsePersister.swift in Sources */ = {isa = PBXBuildFile; fileRef = 269FC90FE35991F6986801A655891FD6 /* NativeProviderResponsePersister.swift */; };
		1F6843A915E1E11BD8637D4E4FFAEEB9 /* RunDetailsStore.swift in Sources */ = {isa = PBXBuildFile; fileRef = F08FF7447DD522E0BCC351CE3A3A536A /* RunDetailsStore.swift */; };
		221534EFD0203D2ADB247BE88FBC7399 /* PaperBananaImageQualityInspector.swift in Sources */ = {isa = PBXBuildFile; fileRef = 18B72FD6F011B7393D3E35E64067A486 /* PaperBananaImageQualityInspector.swift */; };
		28495AC75F8527A7DC927CE8F4211022 /* ArtifactLibraryScannerTests.swift in Sources */ = {isa = PBXBuildFile; fileRef = 479B621DDDAD6EA49CC6FF88DD33A253 /* ArtifactLibraryScannerTests.swift */; };
		29F4590E82E1EDC966701B07982EE41F /* SettingsView.swift in Sources */ = {isa = PBXBuildFile; fileRef = 5834C9F0F35834CFCCE27CCA980FDB06 /* SettingsView.swift */; };
		2EFFE92555FD49E239C95DAEC3688D5F /* CodexFallbackProviderClient.swift in Sources */ = {isa = PBXBuildFile; fileRef = EE966B8155475AB32CBA1B4BBE565742 /* CodexFallbackProviderClient.swift */; };
		30866531130F672106B03AA9D272A009 /* AppDesignSystem.swift in Sources */ = {isa = PBXBuildFile; fileRef = D5DE65805AE132293967441932CFADA4 /* AppDesignSystem.swift */; };
		30992AA1448238EAD4FDBB51E2820127 /* PaperBananaSpotlightIndexer.swift in Sources */ = {isa = PBXBuildFile; fileRef = 946985A02D26BACF6426B994BC06EDFD /* PaperBananaSpotlightIndexer.swift */; };
		3AA9E387E9436C433C65D97BED3CF8A5 /* ProviderRunLedgerTests.swift in Sources */ = {isa = PBXBuildFile; fileRef = CA71155204C96412F58A1E3B91DF482F /* ProviderRunLedgerTests.swift */; };
		3F6F725C905D7F075C90156A5F87FA34 /* NoCredentialServicesRegressionTests.swift in Sources */ = {isa = PBXBuildFile; fileRef = BC673CEECA505C7AA69C992EDE5C4ADD /* NoCredentialServicesRegressionTests.swift */; };
		3FCDF5E3F0340808534BD34665E70791 /* RootSidebarView.swift in Sources */ = {isa = PBXBuildFile; fileRef = E75B15A7B5D1813E4BAE19CA8CC44D49 /* RootSidebarView.swift */; };
		416C9846AFB2A3DBB5D5597A1C7347CA /* PaperBananaAppEntityTests.swift in Sources */ = {isa = PBXBuildFile; fileRef = 5F45F753D7CDCC00673616E665024383 /* PaperBananaAppEntityTests.swift */; };
		423578CCD8DB98E686C359F318714930 /* ProviderRunLedgerStore.swift in Sources */ = {isa = PBXBuildFile; fileRef = 38F238E961B770A35A189150B2700834 /* ProviderRunLedgerStore.swift */; };
		45FD046DFA4D7E308690453839EDC81F /* RunDetailsRunListView.swift in Sources */ = {isa = PBXBuildFile; fileRef = 928C168CE51C2E0A4034B7921CB822DC /* RunDetailsRunListView.swift */; };
		47383CDB0D6FECCC386FFEFA98D5D9A5 /* SettingsPanes.swift in Sources */ = {isa = PBXBuildFile; fileRef = 517DCCCEF08259F8C4CEAE55D802E557 /* SettingsPanes.swift */; };
		4AB77B5AB4A823BF167A2906D977EFFD /* AppSettingsStore.swift in Sources */ = {isa = PBXBuildFile; fileRef = DA7E4E0AFE5EA6C08CED7D1AAF667FB7 /* AppSettingsStore.swift */; };
		4C64C07A83FD4825C9EF8E0E947B2EA0 /* ArtifactLibraryPreviewComponents.swift in Sources */ = {isa = PBXBuildFile; fileRef = 9B2BD96A85D16E191C2B301090DE2810 /* ArtifactLibraryPreviewComponents.swift */; };
		4F3122B64BB0D869C9FBA20019179DD3 /* NativeProviderRelays.swift in Sources */ = {isa = PBXBuildFile; fileRef = 5C07EF243754855E216C9A41D9DED473 /* NativeProviderRelays.swift */; };
		528FBD6F99C50C17DC9041451E345C7C /* PaperBananaAppEntities.swift in Sources */ = {isa = PBXBuildFile; fileRef = 9653DB50DB8302B8ACA0B76962C3DA99 /* PaperBananaAppEntities.swift */; };
		56C90A8309827A01B1D561227222F6D3 /* AppIconController.swift in Sources */ = {isa = PBXBuildFile; fileRef = D080CB32589FC9A5D32AC4C15B914F0B /* AppIconController.swift */; };
		572754525534D4BF74302FAD18F10328 /* NativeRunPreflightPlan.swift in Sources */ = {isa = PBXBuildFile; fileRef = 6B7150A82466867CBA54148FA9A24177 /* NativeRunPreflightPlan.swift */; };
		614126D8119D8F2B2D02820FFEFECB2A /* ArtifactLineage.swift in Sources */ = {isa = PBXBuildFile; fileRef = 9AF715F774468DAC16C0F81FB3048BD7 /* ArtifactLineage.swift */; };
		6564595EB2B4B11CDB7FA8CA3229BA40 /* GoogleGeminiProviderClient.swift in Sources */ = {isa = PBXBuildFile; fileRef = E32A9443B38D2634E4E84F72174F1150 /* GoogleGeminiProviderClient.swift */; };
		69EB11C60DA916B3740CA7B00E9B4377 /* ReferenceExampleStore.swift in Sources */ = {isa = PBXBuildFile; fileRef = 63AAA0AEE8699FC20885C74CF41BA332 /* ReferenceExampleStore.swift */; };
		6E8686585D4399F0D89CE94B9E14C9E6 /* NativeLocalProviderClient.swift in Sources */ = {isa = PBXBuildFile; fileRef = 266E05B9FD6DC35B1F6A852310F53AC8 /* NativeLocalProviderClient.swift */; };
		70B2FCCCF03B630203A1528C7D087018 /* README.txt in Resources */ = {isa = PBXBuildFile; fileRef = 0076CA84EEE4C542A719C1794575CDF0 /* README.txt */; };
		7232950FBB53BBAFF86AE7C77A6C1A52 /* NativeImageGenerationSupport.swift in Sources */ = {isa = PBXBuildFile; fileRef = 5BE28873024EDC3DF93417F01BA92C42 /* NativeImageGenerationSupport.swift */; };
		7633B04C525CE8BF98F5E5CB3930FBB5 /* OpenRouterProviderClient.swift in Sources */ = {isa = PBXBuildFile; fileRef = A3487A723104393BD086097290F89524 /* OpenRouterProviderClient.swift */; };
		779E09797BE65F3987E88407C4ACAE31 /* ProviderRuntime.swift in Sources */ = {isa = PBXBuildFile; fileRef = 943688043290AF5C002CB7691FA8F2BF /* ProviderRuntime.swift */; };
		78CB833ABEB4D9D99B4C4C3E62C61BE7 /* ArtifactLibraryScanner.swift in Sources */ = {isa = PBXBuildFile; fileRef = E2FC2591BAB20888B0B71D6221D20485 /* ArtifactLibraryScanner.swift */; };
		79FF63559A39650381D66F90AB6D6AE5 /* RunStoreTests.swift in Sources */ = {isa = PBXBuildFile; fileRef = EEA145009CFA3345135938FF137E3E1B /* RunStoreTests.swift */; };
		7A72CCCACE88F5C6CF664B88FE561251 /* RefinementOptionBar.swift in Sources */ = {isa = PBXBuildFile; fileRef = 50F031B7A3F0D4EBB09592419C45ABF8 /* RefinementOptionBar.swift */; };
		7DEACDC5AE15597BA762B08C5F65F1C0 /* NativeProviderCallRecorder.swift in Sources */ = {isa = PBXBuildFile; fileRef = EF05C46A4948727D325DAE421A3A2F01 /* NativeProviderCallRecorder.swift */; };
		833D4C9834910A7D03A3293E155436A5 /* PaperBananaSecretStoreTests.swift in Sources */ = {isa = PBXBuildFile; fileRef = 31EB6AD88DD4C7F31E03CBB36745A1FE /* PaperBananaSecretStoreTests.swift */; };
		881AD5A27D6047DF6F1CE0AD97536DC9 /* RunStoreProviderCalls.swift in Sources */ = {isa = PBXBuildFile; fileRef = C780BE50780C8022A7FC5C40FB2006D1 /* RunStoreProviderCalls.swift */; };
		88EA3D6112327C19E046EA536EFDD0F6 /* ProviderRunLedgerView.swift in Sources */ = {isa = PBXBuildFile; fileRef = 678F4A0FEB6985D9B716541E6D51DEB5 /* ProviderRunLedgerView.swift */; };
		88F35707C31499B2BBC7D12D7C8374D5 /* ArtifactLibraryView.swift in Sources */ = {isa = PBXBuildFile; fileRef = A87AD1ACD6F87C53385E7F40067311B1 /* ArtifactLibraryView.swift */; };
		8EEB7DC9E61969A485EE33E0AF302FF1 /* NativeImageGenerationStore.swift in Sources */ = {isa = PBXBuildFile; fileRef = BA7F9BC18EA4CF4C8FCB8085212450D1 /* NativeImageGenerationStore.swift */; };
		925E0A8CE5D4CDD261BC2E8AC2474333 /* ProviderAuditWriter.swift in Sources */ = {isa = PBXBuildFile; fileRef = BAE7C186D811A9E419F549A29177C50B /* ProviderAuditWriter.swift */; };
		9463AF2DE67608D653ADE3092764F740 /* NativeImageGenerationModels.swift in Sources */ = {isa = PBXBuildFile; fileRef = A6AF08F3727F7FAE409D79871182B977 /* NativeImageGenerationModels.swift */; };
		9754ACC03CC4FE3DE01C7D5003C490F9 /* RunDetailsInspectorView.swift in Sources */ = {isa = PBXBuildFile; fileRef = B8C2F3B51F6FDD069AB2C77D494FC744 /* RunDetailsInspectorView.swift */; };
		9B2E75AA02869824C358121FFDD16BEE /* ArtifactInspectorComponents.swift in Sources */ = {isa = PBXBuildFile; fileRef = B6E66B243E136A5CFF0F12037DF3E657 /* ArtifactInspectorComponents.swift */; };
		9BB9BAD44C2EBEDF74C963ADA4B3FB8C /* RunDetailsSections.swift in Sources */ = {isa = PBXBuildFile; fileRef = 0FFEBDAEB3FC6D50B592E63A4C1C5E06 /* RunDetailsSections.swift */; };
		9C0B91CCCACC3D1842CD1B2F7127EEF8 /* libsqlite3.tbd in Frameworks */ = {isa = PBXBuildFile; fileRef = ACCE2B682690F8F7028C8FE36122E766 /* libsqlite3.tbd */; };
		9CE11173606CDB19F17A007B408F08CD /* PaperBananaApp.swift in Sources */ = {isa = PBXBuildFile; fileRef = 61A0E35A94D4636CBAAC3D9DFFD73B91 /* PaperBananaApp.swift */; };
		9FAA0BD99420C7E018B805966F01C39A /* ProviderRecoverySurfacer.swift in Sources */ = {isa = PBXBuildFile; fileRef = 216F53EA337BC2F0C09C085E8A35EC5B /* ProviderRecoverySurfacer.swift */; };
		A4A13F2A5E9036A76BAEBD5008B380F0 /* ReferenceExampleModels.swift in Sources */ = {isa = PBXBuildFile; fileRef = 596097DE4A1B81905CAE9F14A07BB368 /* ReferenceExampleModels.swift */; };
		A526F0F3B298893D3EDB5E6488631869 /* RefinementSheetView.swift in Sources */ = {isa = PBXBuildFile; fileRef = 7509A00CD96B57C58AF6E6565B1AE162 /* RefinementSheetView.swift */; };
		A6AA69CB25DE1666E9CA5D8206EDEB0D /* NativeRefinementWorkspaceView.swift in Sources */ = {isa = PBXBuildFile; fileRef = 874F8B2802C3D2592FA5E416273111A3 /* NativeRefinementWorkspaceView.swift */; };
		A6F9608279455D65591FBEF58720E46C /* LegacyPythonProviderClient.swift in Sources */ = {isa = PBXBuildFile; fileRef = 29C3E4F478592D5800C6AB000572B6DB /* LegacyPythonProviderClient.swift */; };
		A96BE24CE3C6FA6BC5098BF4D229BB0E /* NativeRefinementStore.swift in Sources */ = {isa = PBXBuildFile; fileRef = 7A2486F300BF781BA0D1ADAD4A5FE3D0 /* NativeRefinementStore.swift */; };
		AF4310EED3F5D62DAB0DFE6CED0A5A1A /* PaperBananaWorkflowEvaluator.swift in Sources */ = {isa = PBXBuildFile; fileRef = B865DC2287C3FA089BA11FB5D00F9BD5 /* PaperBananaWorkflowEvaluator.swift */; };
		B07F92F69875DD42EBC14B5A652DE419 /* ReferenceExamplePickerView.swift in Sources */ = {isa = PBXBuildFile; fileRef = 17B11C61262D9DDAAD000D3C219EAB8C /* ReferenceExamplePickerView.swift */; };
		B334364D640ED7BA16EB424587C62E51 /* AppIcon.icon in Resources */ = {isa = PBXBuildFile; fileRef = 4110DC38264B24F5E3AB30238B100DC2 /* AppIcon.icon */; };
		B6113A7355D8043C715E0859B4DC9EF2 /* NativePromptStudioView.swift in Sources */ = {isa = PBXBuildFile; fileRef = 4F316EB06D48E4B68B8BF7B5587C4EDC /* NativePromptStudioView.swift */; };
		B7AE4E8A8BE3A8CCF63239C187E6DA6C /* ProviderRunLedgerModels.swift in Sources */ = {isa = PBXBuildFile; fileRef = 41D94FE6501085EFCB3C6899601096DC /* ProviderRunLedgerModels.swift */; };
		BB2127D8AAA6F2F266A32A4133B6D194 /* ArtifactLibraryStore.swift in Sources */ = {isa = PBXBuildFile; fileRef = B40604841622FAC2AD8AA81DDBF52E08 /* ArtifactLibraryStore.swift */; };
		BF7108F13F2A22EF4D1F5C665B37593E /* ProviderRuntimeTests.swift in Sources */ = {isa = PBXBuildFile; fileRef = C34C763819CE2AE4214091CAAA4408D9 /* ProviderRuntimeTests.swift */; };
		C1FF7A1973BCCBAA2BDFE4305C5E896A /* WorkbenchComponents.swift in Sources */ = {isa = PBXBuildFile; fileRef = 11D7361058CC80EAA104231764471F54 /* WorkbenchComponents.swift */; };
		C213A1D29DD25963746B2425E5F9A468 /* Assets.xcassets in Resources */ = {isa = PBXBuildFile; fileRef = 8B6EA6EAB1D75B58544CA920227DD805 /* Assets.xcassets */; };
		C2A60EAED26FA085CE337C875D2178A4 /* BackendSupervisorHeartbeatTests.swift in Sources */ = {isa = PBXBuildFile; fileRef = BDBD1EFD58F4EBBFCB4ABBEE1E915EC8 /* BackendSupervisorHeartbeatTests.swift */; };
		C2E5EA43B700B596D1B5E4BB9FF208BC /* NativeRefinementModels.swift in Sources */ = {isa = PBXBuildFile; fileRef = 2691AD543ADB29324C0DE81CFF7813F9 /* NativeRefinementModels.swift */; };
		C9A4BC84D974E2A62CB787D2F5954BDF /* RootView.swift in Sources */ = {isa = PBXBuildFile; fileRef = 2C5FAEB3232BD8555F023A4BB2A40A35 /* RootView.swift */; };
		D06D8032F075829E0977E75C5761DA35 /* WindowPlacementTests.swift in Sources */ = {isa = PBXBuildFile; fileRef = B85848EA97236DB05ACCC5AC05F74375 /* WindowPlacementTests.swift */; };
		D267560C4F19ED1833FEA02A6783020B /* BackendDiagnosticsView.swift in Sources */ = {isa = PBXBuildFile; fileRef = 813DBEF917DE7219AAD4918C3A2568B8 /* BackendDiagnosticsView.swift */; };
		D3CB8670FA10DAD8C461550CA9154C80 /* RunDetailsView.swift in Sources */ = {isa = PBXBuildFile; fileRef = 4454263B8256873325FAC5400A408E98 /* RunDetailsView.swift */; };
		D40EA95E2899BD3C3037147E9DE50BC0 /* PaperBananaRuntimeEnvironment.swift in Sources */ = {isa = PBXBuildFile; fileRef = F672C4A2A377643A10180A28F05FA126 /* PaperBananaRuntimeEnvironment.swift */; };
		D59E5AADDD8C029864904D370EA9DB39 /* NativeRefinementSupport.swift in Sources */ = {isa = PBXBuildFile; fileRef = D38E66EAE5C6A760F1CE6F8617BCAA3A /* NativeRefinementSupport.swift */; };
		D6800CB7E791AF22E77DA4B4A46C9185 /* NativeRunFolderIndex.swift in Sources */ = {isa = PBXBuildFile; fileRef = 13312FBD9055907ED856F8179FF2BB9B /* NativeRunFolderIndex.swift */; };
		D8043D310B8C5FB18AF05BFA9204EA6B /* BackendSupervisor.swift in Sources */ = {isa = PBXBuildFile; fileRef = C4FF38BCAA79798D26B08E9831ED60D3 /* BackendSupervisor.swift */; };
		DE1323F86ED115A7AC28FA3DFEDDAA5E /* NativeProviderCompletionCoordinator.swift in Sources */ = {isa = PBXBuildFile; fileRef = 6AAA106804A44DDDC6BB0360F7A4A8B3 /* NativeProviderCompletionCoordinator.swift */; };
		DF278993117FFD8E5263C5DA47F2F77B /* ReferenceExampleStoreTests.swift in Sources */ = {isa = PBXBuildFile; fileRef = A96C2DD21B5AAC707879592068FF27BC /* ReferenceExampleStoreTests.swift */; };
		E26DD585309BDE65BD5D92E23DDDE9C3 /* PaperBananaRepoLocator.swift in Sources */ = {isa = PBXBuildFile; fileRef = 4E6B631DCE6DBB08C4ACBB53983DAFB8 /* PaperBananaRepoLocator.swift */; };
		E5143D2627C09251D5B5A440E4E8A052 /* MetalImagePreviewView.swift in Sources */ = {isa = PBXBuildFile; fileRef = 355EFEFC04AFB877E5E5B158B93F7DA9 /* MetalImagePreviewView.swift */; };
		E96D9401BD25BAA597F9D9CEC3216848 /* PaperBananaSecretStore.swift in Sources */ = {isa = PBXBuildFile; fileRef = 6919B1FE57DF5838B11ACD0996F65BD7 /* PaperBananaSecretStore.swift */; };
		EAD212452BDAE5612A0F28BE9D29395B /* RunStore.swift in Sources */ = {isa = PBXBuildFile; fileRef = BE0B3D6096C7719EEAB8456B1A63EC47 /* RunStore.swift */; };
		EB922FBBEC61A0CFC255BBE43AA214BC /* RunDetailsScanner.swift in Sources */ = {isa = PBXBuildFile; fileRef = BDFBF431F8681B625B067941908FFB9C /* RunDetailsScanner.swift */; };
		EF3D1C649982A21A4C6B17EF1BA86F93 /* NativeRunEventRecorder.swift in Sources */ = {isa = PBXBuildFile; fileRef = 00D1AFB022DA5977FE79750A84391E6A /* NativeRunEventRecorder.swift */; };
		F0240C0CDC7BC7DE4DBF97E8343D6BEA /* PaperBananaWindowPlacement.swift in Sources */ = {isa = PBXBuildFile; fileRef = AC7AA6BB5E5AA9CC5A8C367DD60478C9 /* PaperBananaWindowPlacement.swift */; };
		FCFBFE5308646AECC9A9D34A810EBBF6 /* RunStoreQueries.swift in Sources */ = {isa = PBXBuildFile; fileRef = 1AB2EF6CDB1DAA40F20AFCB0F9BBFF15 /* RunStoreQueries.swift */; };
		FD97498CC81C54BBC8834B966BE0BCF7 /* NativeImageGenerationStoreTests.swift in Sources */ = {isa = PBXBuildFile; fileRef = DCF88450711CEB79EE2994536113C6D4 /* NativeImageGenerationStoreTests.swift */; };
		FDDA81F103C9E0C0F4700AF4FE8B22B1 /* ProviderRunLedgerScanner.swift in Sources */ = {isa = PBXBuildFile; fileRef = 0A21051EA833C14620D20E11577EEBA3 /* ProviderRunLedgerScanner.swift */; };
/* End PBXBuildFile section */

/* Begin PBXContainerItemProxy section */
		805490677DA0393088EAA61CB61AE607 /* PBXContainerItemProxy */ = {
			isa = PBXContainerItemProxy;
			containerPortal = C759DE2735B90563363BA45A09BB6B93 /* Project object */;
			proxyType = 1;
			remoteGlobalIDString = 249F6EE1E14FB0FE7DD815C3186204C7;
			remoteInfo = PaperBanana;
		};
/* End PBXContainerItemProxy section */

/* Begin PBXFileReference section */
		0076CA84EEE4C542A719C1794575CDF0 /* README.txt */ = {isa = PBXFileReference; lastKnownFileType = text; path = README.txt; sourceTree = "<group>"; };
		00D1AFB022DA5977FE79750A84391E6A /* NativeRunEventRecorder.swift */ = {isa = PBXFileReference; lastKnownFileType = sourcecode.swift; path = NativeRunEventRecorder.swift; sourceTree = "<group>"; };
		0A21051EA833C14620D20E11577EEBA3 /* ProviderRunLedgerScanner.swift */ = {isa = PBXFileReference; lastKnownFileType = sourcecode.swift; path = ProviderRunLedgerScanner.swift; sourceTree = "<group>"; };
		0FFEBDAEB3FC6D50B592E63A4C1C5E06 /* RunDetailsSections.swift */ = {isa = PBXFileReference; lastKnownFileType = sourcecode.swift; path = RunDetailsSections.swift; sourceTree = "<group>"; };
		11D7361058CC80EAA104231764471F54 /* WorkbenchComponents.swift */ = {isa = PBXFileReference; lastKnownFileType = sourcecode.swift; path = WorkbenchComponents.swift; sourceTree = "<group>"; };
		13312FBD9055907ED856F8179FF2BB9B /* NativeRunFolderIndex.swift */ = {isa = PBXFileReference; lastKnownFileType = sourcecode.swift; path = NativeRunFolderIndex.swift; sourceTree = "<group>"; };
		17B11C61262D9DDAAD000D3C219EAB8C /* ReferenceExamplePickerView.swift */ = {isa = PBXFileReference; lastKnownFileType = sourcecode.swift; path = ReferenceExamplePickerView.swift; sourceTree = "<group>"; };
		18B72FD6F011B7393D3E35E64067A486 /* PaperBananaImageQualityInspector.swift */ = {isa = PBXFileReference; lastKnownFileType = sourcecode.swift; path = PaperBananaImageQualityInspector.swift; sourceTree = "<group>"; };
		1AB2EF6CDB1DAA40F20AFCB0F9BBFF15 /* RunStoreQueries.swift */ = {isa = PBXFileReference; lastKnownFileType = sourcecode.swift; path = RunStoreQueries.swift; sourceTree = "<group>"; };
		216F53EA337BC2F0C09C085E8A35EC5B /* ProviderRecoverySurfacer.swift */ = {isa = PBXFileReference; lastKnownFileType = sourcecode.swift; path = ProviderRecoverySurfacer.swift; sourceTree = "<group>"; };
		266E05B9FD6DC35B1F6A852310F53AC8 /* NativeLocalProviderClient.swift */ = {isa = PBXFileReference; lastKnownFileType = sourcecode.swift; path = NativeLocalProviderClient.swift; sourceTree = "<group>"; };
		2691AD543ADB29324C0DE81CFF7813F9 /* NativeRefinementModels.swift */ = {isa = PBXFileReference; lastKnownFileType = sourcecode.swift; path = NativeRefinementModels.swift; sourceTree = "<group>"; };
		269FC90FE35991F6986801A655891FD6 /* NativeProviderResponsePersister.swift */ = {isa = PBXFileReference; lastKnownFileType = sourcecode.swift; path = NativeProviderResponsePersister.swift; sourceTree = "<group>"; };
		280C854718532A5993513CEEC1EC5A4E /* RunStoreRecovery.swift */ = {isa = PBXFileReference; lastKnownFileType = sourcecode.swift; path = RunStoreRecovery.swift; sourceTree = "<group>"; };
		29C3E4F478592D5800C6AB000572B6DB /* LegacyPythonProviderClient.swift */ = {isa = PBXFileReference; lastKnownFileType = sourcecode.swift; path = LegacyPythonProviderClient.swift; sourceTree = "<group>"; };
		2C5FAEB3232BD8555F023A4BB2A40A35 /* RootView.swift */ = {isa = PBXFileReference; lastKnownFileType = sourcecode.swift; path = RootView.swift; sourceTree = "<group>"; };
		31EB6AD88DD4C7F31E03CBB36745A1FE /* PaperBananaSecretStoreTests.swift */ = {isa = PBXFileReference; lastKnownFileType = sourcecode.swift; path = PaperBananaSecretStoreTests.swift; sourceTree = "<group>"; };
		355EFEFC04AFB877E5E5B158B93F7DA9 /* MetalImagePreviewView.swift */ = {isa = PBXFileReference; lastKnownFileType = sourcecode.swift; path = MetalImagePreviewView.swift; sourceTree = "<group>"; };
		38F238E961B770A35A189150B2700834 /* ProviderRunLedgerStore.swift */ = {isa = PBXFileReference; lastKnownFileType = sourcecode.swift; path = ProviderRunLedgerStore.swift; sourceTree = "<group>"; };
		4110DC38264B24F5E3AB30238B100DC2 /* AppIcon.icon */ = {isa = PBXFileReference; includeInIndex = 1; lastKnownFileType = wrapper.icon; path = AppIcon.icon; sourceTree = "<group>"; };
		41D94FE6501085EFCB3C6899601096DC /* ProviderRunLedgerModels.swift */ = {isa = PBXFileReference; lastKnownFileType = sourcecode.swift; path = ProviderRunLedgerModels.swift; sourceTree = "<group>"; };
		4454263B8256873325FAC5400A408E98 /* RunDetailsView.swift */ = {isa = PBXFileReference; lastKnownFileType = sourcecode.swift; path = RunDetailsView.swift; sourceTree = "<group>"; };
		479B621DDDAD6EA49CC6FF88DD33A253 /* ArtifactLibraryScannerTests.swift */ = {isa = PBXFileReference; lastKnownFileType = sourcecode.swift; path = ArtifactLibraryScannerTests.swift; sourceTree = "<group>"; };
		4D4DE3D5ECB22E313B91148E2C566696 /* PaperBananaModels.swift */ = {isa = PBXFileReference; lastKnownFileType = sourcecode.swift; path = PaperBananaModels.swift; sourceTree = "<group>"; };
		4E6B631DCE6DBB08C4ACBB53983DAFB8 /* PaperBananaRepoLocator.swift */ = {isa = PBXFileReference; lastKnownFileType = sourcecode.swift; path = PaperBananaRepoLocator.swift; sourceTree = "<group>"; };
		4F316EB06D48E4B68B8BF7B5587C4EDC /* NativePromptStudioView.swift */ = {isa = PBXFileReference; lastKnownFileType = sourcecode.swift; path = NativePromptStudioView.swift; sourceTree = "<group>"; };
		50F031B7A3F0D4EBB09592419C45ABF8 /* RefinementOptionBar.swift */ = {isa = PBXFileReference; lastKnownFileType = sourcecode.swift; path = RefinementOptionBar.swift; sourceTree = "<group>"; };
		517DCCCEF08259F8C4CEAE55D802E557 /* SettingsPanes.swift */ = {isa = PBXFileReference; lastKnownFileType = sourcecode.swift; path = SettingsPanes.swift; sourceTree = "<group>"; };
		575B0E14ED55065EB02059E944639057 /* WorkspaceScopeStrip.swift */ = {isa = PBXFileReference; lastKnownFileType = sourcecode.swift; path = WorkspaceScopeStrip.swift; sourceTree = "<group>"; };
		5834C9F0F35834CFCCE27CCA980FDB06 /* SettingsView.swift */ = {isa = PBXFileReference; lastKnownFileType = sourcecode.swift; path = SettingsView.swift; sourceTree = "<group>"; };
		596097DE4A1B81905CAE9F14A07BB368 /* ReferenceExampleModels.swift */ = {isa = PBXFileReference; lastKnownFileType = sourcecode.swift; path = ReferenceExampleModels.swift; sourceTree = "<group>"; };
		5BE28873024EDC3DF93417F01BA92C42 /* NativeImageGenerationSupport.swift */ = {isa = PBXFileReference; lastKnownFileType = sourcecode.swift; path = NativeImageGenerationSupport.swift; sourceTree = "<group>"; };
		5C07EF243754855E216C9A41D9DED473 /* NativeProviderRelays.swift */ = {isa = PBXFileReference; lastKnownFileType = sourcecode.swift; path = NativeProviderRelays.swift; sourceTree = "<group>"; };
		5F45F753D7CDCC00673616E665024383 /* PaperBananaAppEntityTests.swift */ = {isa = PBXFileReference; lastKnownFileType = sourcecode.swift; path = PaperBananaAppEntityTests.swift; sourceTree = "<group>"; };
		61A0E35A94D4636CBAAC3D9DFFD73B91 /* PaperBananaApp.swift */ = {isa = PBXFileReference; lastKnownFileType = sourcecode.swift; path = PaperBananaApp.swift; sourceTree = "<group>"; };
		63AAA0AEE8699FC20885C74CF41BA332 /* ReferenceExampleStore.swift */ = {isa = PBXFileReference; lastKnownFileType = sourcecode.swift; path = ReferenceExampleStore.swift; sourceTree = "<group>"; };
		678F4A0FEB6985D9B716541E6D51DEB5 /* ProviderRunLedgerView.swift */ = {isa = PBXFileReference; lastKnownFileType = sourcecode.swift; path = ProviderRunLedgerView.swift; sourceTree = "<group>"; };
		6919B1FE57DF5838B11ACD0996F65BD7 /* PaperBananaSecretStore.swift */ = {isa = PBXFileReference; lastKnownFileType = sourcecode.swift; path = PaperBananaSecretStore.swift; sourceTree = "<group>"; };
		6AAA106804A44DDDC6BB0360F7A4A8B3 /* NativeProviderCompletionCoordinator.swift */ = {isa = PBXFileReference; lastKnownFileType = sourcecode.swift; path = NativeProviderCompletionCoordinator.swift; sourceTree = "<group>"; };
		6B7150A82466867CBA54148FA9A24177 /* NativeRunPreflightPlan.swift */ = {isa = PBXFileReference; lastKnownFileType = sourcecode.swift; path = NativeRunPreflightPlan.swift; sourceTree = "<group>"; };
		7509A00CD96B57C58AF6E6565B1AE162 /* RefinementSheetView.swift */ = {isa = PBXFileReference; lastKnownFileType = sourcecode.swift; path = RefinementSheetView.swift; sourceTree = "<group>"; };
		7A2486F300BF781BA0D1ADAD4A5FE3D0 /* NativeRefinementStore.swift */ = {isa = PBXFileReference; lastKnownFileType = sourcecode.swift; path = NativeRefinementStore.swift; sourceTree = "<group>"; };
		813DBEF917DE7219AAD4918C3A2568B8 /* BackendDiagnosticsView.swift */ = {isa = PBXFileReference; lastKnownFileType = sourcecode.swift; path = BackendDiagnosticsView.swift; sourceTree = "<group>"; };
		874F8B2802C3D2592FA5E416273111A3 /* NativeRefinementWorkspaceView.swift */ = {isa = PBXFileReference; lastKnownFileType = sourcecode.swift; path = NativeRefinementWorkspaceView.swift; sourceTree = "<group>"; };
		8B6EA6EAB1D75B58544CA920227DD805 /* Assets.xcassets */ = {isa = PBXFileReference; lastKnownFileType = folder.assetcatalog; path = Assets.xcassets; sourceTree = "<group>"; };
		928C168CE51C2E0A4034B7921CB822DC /* RunDetailsRunListView.swift */ = {isa = PBXFileReference; lastKnownFileType = sourcecode.swift; path = RunDetailsRunListView.swift; sourceTree = "<group>"; };
		9425F7B430B0D8B3AFE326D0C0909962 /* AppRootContainer.swift */ = {isa = PBXFileReference; lastKnownFileType = sourcecode.swift; path = AppRootContainer.swift; sourceTree = "<group>"; };
		943688043290AF5C002CB7691FA8F2BF /* ProviderRuntime.swift */ = {isa = PBXFileReference; lastKnownFileType = sourcecode.swift; path = ProviderRuntime.swift; sourceTree = "<group>"; };
		946985A02D26BACF6426B994BC06EDFD /* PaperBananaSpotlightIndexer.swift */ = {isa = PBXFileReference; lastKnownFileType = sourcecode.swift; path = PaperBananaSpotlightIndexer.swift; sourceTree = "<group>"; };
		9653DB50DB8302B8ACA0B76962C3DA99 /* PaperBananaAppEntities.swift */ = {isa = PBXFileReference; lastKnownFileType = sourcecode.swift; path = PaperBananaAppEntities.swift; sourceTree = "<group>"; };
		990E6FF14AD02B6CD4EF0C723897D333 /* PaperBananaTests.xctest */ = {isa = PBXFileReference; explicitFileType = wrapper.cfbundle; includeInIndex = 0; path = PaperBananaTests.xctest; sourceTree = BUILT_PRODUCTS_DIR; };
		9AF715F774468DAC16C0F81FB3048BD7 /* ArtifactLineage.swift */ = {isa = PBXFileReference; lastKnownFileType = sourcecode.swift; path = ArtifactLineage.swift; sourceTree = "<group>"; };
		9B2BD96A85D16E191C2B301090DE2810 /* ArtifactLibraryPreviewComponents.swift */ = {isa = PBXFileReference; lastKnownFileType = sourcecode.swift; path = ArtifactLibraryPreviewComponents.swift; sourceTree = "<group>"; };
		A288D32D0C0E5969B3178F174274AC3B /* ArtifactLibraryModels.swift */ = {isa = PBXFileReference; lastKnownFileType = sourcecode.swift; path = ArtifactLibraryModels.swift; sourceTree = "<group>"; };
		A3487A723104393BD086097290F89524 /* OpenRouterProviderClient.swift */ = {isa = PBXFileReference; lastKnownFileType = sourcecode.swift; path = OpenRouterProviderClient.swift; sourceTree = "<group>"; };
		A6AF08F3727F7FAE409D79871182B977 /* NativeImageGenerationModels.swift */ = {isa = PBXFileReference; lastKnownFileType = sourcecode.swift; path = NativeImageGenerationModels.swift; sourceTree = "<group>"; };
		A87AD1ACD6F87C53385E7F40067311B1 /* ArtifactLibraryView.swift */ = {isa = PBXFileReference; lastKnownFileType = sourcecode.swift; path = ArtifactLibraryView.swift; sourceTree = "<group>"; };
		A96C2DD21B5AAC707879592068FF27BC /* ReferenceExampleStoreTests.swift */ = {isa = PBXFileReference; lastKnownFileType = sourcecode.swift; path = ReferenceExampleStoreTests.swift; sourceTree = "<group>"; };
		AC7AA6BB5E5AA9CC5A8C367DD60478C9 /* PaperBananaWindowPlacement.swift */ = {isa = PBXFileReference; lastKnownFileType = sourcecode.swift; path = PaperBananaWindowPlacement.swift; sourceTree = "<group>"; };
		ACCE2B682690F8F7028C8FE36122E766 /* libsqlite3.tbd */ = {isa = PBXFileReference; lastKnownFileType = "sourcecode.text-based-dylib-definition"; name = libsqlite3.tbd; path = usr/lib/libsqlite3.tbd; sourceTree = SDKROOT; };
		B40604841622FAC2AD8AA81DDBF52E08 /* ArtifactLibraryStore.swift */ = {isa = PBXFileReference; lastKnownFileType = sourcecode.swift; path = ArtifactLibraryStore.swift; sourceTree = "<group>"; };
		B68DCADD08649693FF6D1CEAA2F7E30F /* PaperBanana.app */ = {isa = PBXFileReference; explicitFileType = wrapper.application; includeInIndex = 0; path = PaperBanana.app; sourceTree = BUILT_PRODUCTS_DIR; };
		B6E66B243E136A5CFF0F12037DF3E657 /* ArtifactInspectorComponents.swift */ = {isa = PBXFileReference; lastKnownFileType = sourcecode.swift; path = ArtifactInspectorComponents.swift; sourceTree = "<group>"; };
		B85848EA97236DB05ACCC5AC05F74375 /* WindowPlacementTests.swift */ = {isa = PBXFileReference; lastKnownFileType = sourcecode.swift; path = WindowPlacementTests.swift; sourceTree = "<group>"; };
		B865DC2287C3FA089BA11FB5D00F9BD5 /* PaperBananaWorkflowEvaluator.swift */ = {isa = PBXFileReference; lastKnownFileType = sourcecode.swift; path = PaperBananaWorkflowEvaluator.swift; sourceTree = "<group>"; };
		B8C2F3B51F6FDD069AB2C77D494FC744 /* RunDetailsInspectorView.swift */ = {isa = PBXFileReference; lastKnownFileType = sourcecode.swift; path = RunDetailsInspectorView.swift; sourceTree = "<group>"; };
		BA7F9BC18EA4CF4C8FCB8085212450D1 /* NativeImageGenerationStore.swift */ = {isa = PBXFileReference; lastKnownFileType = sourcecode.swift; path = NativeImageGenerationStore.swift; sourceTree = "<group>"; };
		BAE7C186D811A9E419F549A29177C50B /* ProviderAuditWriter.swift */ = {isa = PBXFileReference; lastKnownFileType = sourcecode.swift; path = ProviderAuditWriter.swift; sourceTree = "<group>"; };
		BC673CEECA505C7AA69C992EDE5C4ADD /* NoCredentialServicesRegressionTests.swift */ = {isa = PBXFileReference; lastKnownFileType = sourcecode.swift; path = NoCredentialServicesRegressionTests.swift; sourceTree = "<group>"; };
		BDBD1EFD58F4EBBFCB4ABBEE1E915EC8 /* BackendSupervisorHeartbeatTests.swift */ = {isa = PBXFileReference; lastKnownFileType = sourcecode.swift; path = BackendSupervisorHeartbeatTests.swift; sourceTree = "<group>"; };
		BDFBF431F8681B625B067941908FFB9C /* RunDetailsScanner.swift */ = {isa = PBXFileReference; lastKnownFileType = sourcecode.swift; path = RunDetailsScanner.swift; sourceTree = "<group>"; };
		BE0B3D6096C7719EEAB8456B1A63EC47 /* RunStore.swift */ = {isa = PBXFileReference; lastKnownFileType = sourcecode.swift; path = RunStore.swift; sourceTree = "<group>"; };
		C34C763819CE2AE4214091CAAA4408D9 /* ProviderRuntimeTests.swift */ = {isa = PBXFileReference; lastKnownFileType = sourcecode.swift; path = ProviderRuntimeTests.swift; sourceTree = "<group>"; };
		C4FF38BCAA79798D26B08E9831ED60D3 /* BackendSupervisor.swift */ = {isa = PBXFileReference; lastKnownFileType = sourcecode.swift; path = BackendSupervisor.swift; sourceTree = "<group>"; };
		C780BE50780C8022A7FC5C40FB2006D1 /* RunStoreProviderCalls.swift */ = {isa = PBXFileReference; lastKnownFileType = sourcecode.swift; path = RunStoreProviderCalls.swift; sourceTree = "<group>"; };
		CA71155204C96412F58A1E3B91DF482F /* ProviderRunLedgerTests.swift */ = {isa = PBXFileReference; lastKnownFileType = sourcecode.swift; path = ProviderRunLedgerTests.swift; sourceTree = "<group>"; };
		D080CB32589FC9A5D32AC4C15B914F0B /* AppIconController.swift */ = {isa = PBXFileReference; lastKnownFileType = sourcecode.swift; path = AppIconController.swift; sourceTree = "<group>"; };
		D38E66EAE5C6A760F1CE6F8617BCAA3A /* NativeRefinementSupport.swift */ = {isa = PBXFileReference; lastKnownFileType = sourcecode.swift; path = NativeRefinementSupport.swift; sourceTree = "<group>"; };
		D5DE65805AE132293967441932CFADA4 /* AppDesignSystem.swift */ = {isa = PBXFileReference; lastKnownFileType = sourcecode.swift; path = AppDesignSystem.swift; sourceTree = "<group>"; };
		DA7E4E0AFE5EA6C08CED7D1AAF667FB7 /* AppSettingsStore.swift */ = {isa = PBXFileReference; lastKnownFileType = sourcecode.swift; path = AppSettingsStore.swift; sourceTree = "<group>"; };
		DCF88450711CEB79EE2994536113C6D4 /* NativeImageGenerationStoreTests.swift */ = {isa = PBXFileReference; lastKnownFileType = sourcecode.swift; path = NativeImageGenerationStoreTests.swift; sourceTree = "<group>"; };
		E2FC2591BAB20888B0B71D6221D20485 /* ArtifactLibraryScanner.swift */ = {isa = PBXFileReference; lastKnownFileType = sourcecode.swift; path = ArtifactLibraryScanner.swift; sourceTree = "<group>"; };
		E32A9443B38D2634E4E84F72174F1150 /* GoogleGeminiProviderClient.swift */ = {isa = PBXFileReference; lastKnownFileType = sourcecode.swift; path = GoogleGeminiProviderClient.swift; sourceTree = "<group>"; };
		E75B15A7B5D1813E4BAE19CA8CC44D49 /* RootSidebarView.swift */ = {isa = PBXFileReference; lastKnownFileType = sourcecode.swift; path = RootSidebarView.swift; sourceTree = "<group>"; };
		EE5F6F3C7CEAF4B562BB5019D5FE816A /* NativeRefinementStoreTests.swift */ = {isa = PBXFileReference; lastKnownFileType = sourcecode.swift; path = NativeRefinementStoreTests.swift; sourceTree = "<group>"; };
		EE966B8155475AB32CBA1B4BBE565742 /* CodexFallbackProviderClient.swift */ = {isa = PBXFileReference; lastKnownFileType = sourcecode.swift; path = CodexFallbackProviderClient.swift; sourceTree = "<group>"; };
		EEA145009CFA3345135938FF137E3E1B /* RunStoreTests.swift */ = {isa = PBXFileReference; lastKnownFileType = sourcecode.swift; path = RunStoreTests.swift; sourceTree = "<group>"; };
		EF05C46A4948727D325DAE421A3A2F01 /* NativeProviderCallRecorder.swift */ = {isa = PBXFileReference; lastKnownFileType = sourcecode.swift; path = NativeProviderCallRecorder.swift; sourceTree = "<group>"; };
		F08FF7447DD522E0BCC351CE3A3A536A /* RunDetailsStore.swift */ = {isa = PBXFileReference; lastKnownFileType = sourcecode.swift; path = RunDetailsStore.swift; sourceTree = "<group>"; };
		F672C4A2A377643A10180A28F05FA126 /* PaperBananaRuntimeEnvironment.swift */ = {isa = PBXFileReference; lastKnownFileType = sourcecode.swift; path = PaperBananaRuntimeEnvironment.swift; sourceTree = "<group>"; };
/* End PBXFileReference section */

/* Begin PBXFrameworksBuildPhase section */
		92455D65EE17D2783C7BD9EFCE5277C6 /* Frameworks */ = {
			isa = PBXFrameworksBuildPhase;
			buildActionMask = 2147483647;
			files = (
				9C0B91CCCACC3D1842CD1B2F7127EEF8 /* libsqlite3.tbd in Frameworks */,
			);
			runOnlyForDeploymentPostprocessing = 0;
		};
/* End PBXFrameworksBuildPhase section */

/* Begin PBXGroup section */
		27AC029D2999D6ABA361BBCED8952728 /* Resources */ = {
			isa = PBXGroup;
			children = (
				4110DC38264B24F5E3AB30238B100DC2 /* AppIcon.icon */,
			);
			name = Resources;
			path = Resources;
			sourceTree = "<group>";
		};
		34384B6A42396B5DD945B892E4706AFF /* Frameworks */ = {
			isa = PBXGroup;
			children = (
				ACCE2B682690F8F7028C8FE36122E766 /* libsqlite3.tbd */,
			);
			name = Frameworks;
			sourceTree = "<group>";
		};
		3E709CB27CB670AD865C630DE9B00734 /* PaperBananaTests */ = {
			isa = PBXGroup;
			children = (
				479B621DDDAD6EA49CC6FF88DD33A253 /* ArtifactLibraryScannerTests.swift */,
				BDBD1EFD58F4EBBFCB4ABBEE1E915EC8 /* BackendSupervisorHeartbeatTests.swift */,
				DCF88450711CEB79EE2994536113C6D4 /* NativeImageGenerationStoreTests.swift */,
				EE5F6F3C7CEAF4B562BB5019D5FE816A /* NativeRefinementStoreTests.swift */,
				BC673CEECA505C7AA69C992EDE5C4ADD /* NoCredentialServicesRegressionTests.swift */,
				5F45F753D7CDCC00673616E665024383 /* PaperBananaAppEntityTests.swift */,
				31EB6AD88DD4C7F31E03CBB36745A1FE /* PaperBananaSecretStoreTests.swift */,
				CA71155204C96412F58A1E3B91DF482F /* ProviderRunLedgerTests.swift */,
				C34C763819CE2AE4214091CAAA4408D9 /* ProviderRuntimeTests.swift */,
				A96C2DD21B5AAC707879592068FF27BC /* ReferenceExampleStoreTests.swift */,
				EEA145009CFA3345135938FF137E3E1B /* RunStoreTests.swift */,
				B85848EA97236DB05ACCC5AC05F74375 /* WindowPlacementTests.swift */,
			);
			name = PaperBananaTests;
			path = tests/PaperBananaTests;
			sourceTree = "<group>";
		};
		7C5DE7E87519AB04E208C704893AF6AB /* Products */ = {
			isa = PBXGroup;
			children = (
				B68DCADD08649693FF6D1CEAA2F7E30F /* PaperBanana.app */,
				990E6FF14AD02B6CD4EF0C723897D333 /* PaperBananaTests.xctest */,
			);
			name = Products;
			sourceTree = "<group>";
		};
		89D277758BEE2559C14EBD0FF29FE4C4 = {
			isa = PBXGroup;
			children = (
				B2EA621E912D63CFBB1DC9A61D6BFA50 /* PaperBanana */,
				F0C7C0AC310329AB41427E2CC7F8A6CE /* PaperBananaApp */,
				3E709CB27CB670AD865C630DE9B00734 /* PaperBananaTests */,
				34384B6A42396B5DD945B892E4706AFF /* Frameworks */,
				7C5DE7E87519AB04E208C704893AF6AB /* Products */,
			);
			sourceTree = "<group>";
		};
		B2EA621E912D63CFBB1DC9A61D6BFA50 /* PaperBanana */ = {
			isa = PBXGroup;
			children = (
				8B6EA6EAB1D75B58544CA920227DD805 /* Assets.xcassets */,
				27AC029D2999D6ABA361BBCED8952728 /* Resources */,
			);
			path = PaperBanana;
			sourceTree = "<group>";
		};
		D98D3D121138A480479F77F0F8DD65D8 /* Resources */ = {
			isa = PBXGroup;
			children = (
				0076CA84EEE4C542A719C1794575CDF0 /* README.txt */,
			);
			path = Resources;
			sourceTree = "<group>";
		};
		F0C7C0AC310329AB41427E2CC7F8A6CE /* PaperBananaApp */ = {
			isa = PBXGroup;
			children = (
				D5DE65805AE132293967441932CFADA4 /* AppDesignSystem.swift */,
				D080CB32589FC9A5D32AC4C15B914F0B /* AppIconController.swift */,
				9425F7B430B0D8B3AFE326D0C0909962 /* AppRootContainer.swift */,
				DA7E4E0AFE5EA6C08CED7D1AAF667FB7 /* AppSettingsStore.swift */,
				B6E66B243E136A5CFF0F12037DF3E657 /* ArtifactInspectorComponents.swift */,
				A288D32D0C0E5969B3178F174274AC3B /* ArtifactLibraryModels.swift */,
				9B2BD96A85D16E191C2B301090DE2810 /* ArtifactLibraryPreviewComponents.swift */,
				E2FC2591BAB20888B0B71D6221D20485 /* ArtifactLibraryScanner.swift */,
				B40604841622FAC2AD8AA81DDBF52E08 /* ArtifactLibraryStore.swift */,
				A87AD1ACD6F87C53385E7F40067311B1 /* ArtifactLibraryView.swift */,
				9AF715F774468DAC16C0F81FB3048BD7 /* ArtifactLineage.swift */,
				813DBEF917DE7219AAD4918C3A2568B8 /* BackendDiagnosticsView.swift */,
				C4FF38BCAA79798D26B08E9831ED60D3 /* BackendSupervisor.swift */,
				EE966B8155475AB32CBA1B4BBE565742 /* CodexFallbackProviderClient.swift */,
				E32A9443B38D2634E4E84F72174F1150 /* GoogleGeminiProviderClient.swift */,
				29C3E4F478592D5800C6AB000572B6DB /* LegacyPythonProviderClient.swift */,
				355EFEFC04AFB877E5E5B158B93F7DA9 /* MetalImagePreviewView.swift */,
				A6AF08F3727F7FAE409D79871182B977 /* NativeImageGenerationModels.swift */,
				BA7F9BC18EA4CF4C8FCB8085212450D1 /* NativeImageGenerationStore.swift */,
				5BE28873024EDC3DF93417F01BA92C42 /* NativeImageGenerationSupport.swift */,
				266E05B9FD6DC35B1F6A852310F53AC8 /* NativeLocalProviderClient.swift */,
				4F316EB06D48E4B68B8BF7B5587C4EDC /* NativePromptStudioView.swift */,
				EF05C46A4948727D325DAE421A3A2F01 /* NativeProviderCallRecorder.swift */,
				6AAA106804A44DDDC6BB0360F7A4A8B3 /* NativeProviderCompletionCoordinator.swift */,
				5C07EF243754855E216C9A41D9DED473 /* NativeProviderRelays.swift */,
				269FC90FE35991F6986801A655891FD6 /* NativeProviderResponsePersister.swift */,
				2691AD543ADB29324C0DE81CFF7813F9 /* NativeRefinementModels.swift */,
				7A2486F300BF781BA0D1ADAD4A5FE3D0 /* NativeRefinementStore.swift */,
				D38E66EAE5C6A760F1CE6F8617BCAA3A /* NativeRefinementSupport.swift */,
				874F8B2802C3D2592FA5E416273111A3 /* NativeRefinementWorkspaceView.swift */,
				00D1AFB022DA5977FE79750A84391E6A /* NativeRunEventRecorder.swift */,
				13312FBD9055907ED856F8179FF2BB9B /* NativeRunFolderIndex.swift */,
				6B7150A82466867CBA54148FA9A24177 /* NativeRunPreflightPlan.swift */,
				A3487A723104393BD086097290F89524 /* OpenRouterProviderClient.swift */,
				61A0E35A94D4636CBAAC3D9DFFD73B91 /* PaperBananaApp.swift */,
				9653DB50DB8302B8ACA0B76962C3DA99 /* PaperBananaAppEntities.swift */,
				18B72FD6F011B7393D3E35E64067A486 /* PaperBananaImageQualityInspector.swift */,
				4D4DE3D5ECB22E313B91148E2C566696 /* PaperBananaModels.swift */,
				4E6B631DCE6DBB08C4ACBB53983DAFB8 /* PaperBananaRepoLocator.swift */,
				F672C4A2A377643A10180A28F05FA126 /* PaperBananaRuntimeEnvironment.swift */,
				6919B1FE57DF5838B11ACD0996F65BD7 /* PaperBananaSecretStore.swift */,
				946985A02D26BACF6426B994BC06EDFD /* PaperBananaSpotlightIndexer.swift */,
				AC7AA6BB5E5AA9CC5A8C367DD60478C9 /* PaperBananaWindowPlacement.swift */,
				B865DC2287C3FA089BA11FB5D00F9BD5 /* PaperBananaWorkflowEvaluator.swift */,
				BAE7C186D811A9E419F549A29177C50B /* ProviderAuditWriter.swift */,
				216F53EA337BC2F0C09C085E8A35EC5B /* ProviderRecoverySurfacer.swift */,
				41D94FE6501085EFCB3C6899601096DC /* ProviderRunLedgerModels.swift */,
				0A21051EA833C14620D20E11577EEBA3 /* ProviderRunLedgerScanner.swift */,
				38F238E961B770A35A189150B2700834 /* ProviderRunLedgerStore.swift */,
				678F4A0FEB6985D9B716541E6D51DEB5 /* ProviderRunLedgerView.swift */,
				943688043290AF5C002CB7691FA8F2BF /* ProviderRuntime.swift */,
				596097DE4A1B81905CAE9F14A07BB368 /* ReferenceExampleModels.swift */,
				17B11C61262D9DDAAD000D3C219EAB8C /* ReferenceExamplePickerView.swift */,
				63AAA0AEE8699FC20885C74CF41BA332 /* ReferenceExampleStore.swift */,
				50F031B7A3F0D4EBB09592419C45ABF8 /* RefinementOptionBar.swift */,
				7509A00CD96B57C58AF6E6565B1AE162 /* RefinementSheetView.swift */,
				E75B15A7B5D1813E4BAE19CA8CC44D49 /* RootSidebarView.swift */,
				2C5FAEB3232BD8555F023A4BB2A40A35 /* RootView.swift */,
				B8C2F3B51F6FDD069AB2C77D494FC744 /* RunDetailsInspectorView.swift */,
				928C168CE51C2E0A4034B7921CB822DC /* RunDetailsRunListView.swift */,
				BDFBF431F8681B625B067941908FFB9C /* RunDetailsScanner.swift */,
				0FFEBDAEB3FC6D50B592E63A4C1C5E06 /* RunDetailsSections.swift */,
				F08FF7447DD522E0BCC351CE3A3A536A /* RunDetailsStore.swift */,
				4454263B8256873325FAC5400A408E98 /* RunDetailsView.swift */,
				BE0B3D6096C7719EEAB8456B1A63EC47 /* RunStore.swift */,
				C780BE50780C8022A7FC5C40FB2006D1 /* RunStoreProviderCalls.swift */,
				1AB2EF6CDB1DAA40F20AFCB0F9BBFF15 /* RunStoreQueries.swift */,
				280C854718532A5993513CEEC1EC5A4E /* RunStoreRecovery.swift */,
				517DCCCEF08259F8C4CEAE55D802E557 /* SettingsPanes.swift */,
				5834C9F0F35834CFCCE27CCA980FDB06 /* SettingsView.swift */,
				11D7361058CC80EAA104231764471F54 /* WorkbenchComponents.swift */,
				575B0E14ED55065EB02059E944639057 /* WorkspaceScopeStrip.swift */,
				D98D3D121138A480479F77F0F8DD65D8 /* Resources */,
			);
			name = PaperBananaApp;
			path = Sources/PaperBananaApp;
			sourceTree = "<group>";
		};
/* End PBXGroup section */

/* Begin PBXNativeTarget section */
		249F6EE1E14FB0FE7DD815C3186204C7 /* PaperBanana */ = {
			isa = PBXNativeTarget;
			buildConfigurationList = 2928DEEC7D0AD0A6095FFC1171114948 /* Build configuration list for PBXNativeTarget "PaperBanana" */;
			buildPhases = (
				5260AAFEE5826FDE59C85D527A07871D /* Sources */,
				358FEA0534D201B22D1B0063A4ECE097 /* Resources */,
				92455D65EE17D2783C7BD9EFCE5277C6 /* Frameworks */,
			);
			buildRules = (
			);
			dependencies = (
			);
			name = PaperBanana;
			productName = PaperBanana;
			productReference = B68DCADD08649693FF6D1CEAA2F7E30F /* PaperBanana.app */;
			productType = "com.apple.product-type.application";
		};
		EE7E637350F34FF7D3362A2E5BB3DD0B /* PaperBananaTests */ = {
			isa = PBXNativeTarget;
			buildConfigurationList = F644C73BF4D8DA1E4FF78EE86BF8473C /* Build configuration list for PBXNativeTarget "PaperBananaTests" */;
			buildPhases = (
				646B5A778BC2BB390BBF19A2C71BBCF3 /* Sources */,
			);
			buildRules = (
			);
			dependencies = (
				3552AD87F79FE41C54A7745FC7F32E8D /* PBXTargetDependency */,
			);
			name = PaperBananaTests;
			productName = PaperBananaTests;
			productReference = 990E6FF14AD02B6CD4EF0C723897D333 /* PaperBananaTests.xctest */;
			productType = "com.apple.product-type.bundle.unit-test";
		};
/* End PBXNativeTarget section */

/* Begin PBXProject section */
		C759DE2735B90563363BA45A09BB6B93 /* Project object */ = {
			isa = PBXProject;
			attributes = {
				BuildIndependentTargetsInParallel = YES;
				LastUpgradeCheck = 1430;
				TargetAttributes = {
					249F6EE1E14FB0FE7DD815C3186204C7 = {
						ProvisioningStyle = Manual;
					};
					EE7E637350F34FF7D3362A2E5BB3DD0B = {
						ProvisioningStyle = Manual;
					};
				};
			};
			buildConfigurationList = E22D938667B31F0C25A8D89AAA034264 /* Build configuration list for PBXProject "PaperBanana" */;
			developmentRegion = en;
			hasScannedForEncodings = 0;
			knownRegions = (
				Base,
				en,
			);
			mainGroup = 89D277758BEE2559C14EBD0FF29FE4C4;
			minimizedProjectReferenceProxies = 1;
			preferredProjectObjectVersion = 77;
			productRefGroup = 7C5DE7E87519AB04E208C704893AF6AB /* Products */;
			projectDirPath = "";
			projectRoot = "";
			targets = (
				249F6EE1E14FB0FE7DD815C3186204C7 /* PaperBanana */,
				EE7E637350F34FF7D3362A2E5BB3DD0B /* PaperBananaTests */,
			);
		};
/* End PBXProject section */

/* Begin PBXResourcesBuildPhase section */
		358FEA0534D201B22D1B0063A4ECE097 /* Resources */ = {
			isa = PBXResourcesBuildPhase;
			buildActionMask = 2147483647;
			files = (
				C213A1D29DD25963746B2425E5F9A468 /* Assets.xcassets in Resources */,
				70B2FCCCF03B630203A1528C7D087018 /* README.txt in Resources */,
				B334364D640ED7BA16EB424587C62E51 /* AppIcon.icon in Resources */,
			);
			runOnlyForDeploymentPostprocessing = 0;
		};
/* End PBXResourcesBuildPhase section */

/* Begin PBXSourcesBuildPhase section */
		5260AAFEE5826FDE59C85D527A07871D /* Sources */ = {
			isa = PBXSourcesBuildPhase;
			buildActionMask = 2147483647;
			files = (
				30866531130F672106B03AA9D272A009 /* AppDesignSystem.swift in Sources */,
				56C90A8309827A01B1D561227222F6D3 /* AppIconController.swift in Sources */,
				0A52D4F2F80690254436B76A5AD1E483 /* AppRootContainer.swift in Sources */,
				4AB77B5AB4A823BF167A2906D977EFFD /* AppSettingsStore.swift in Sources */,
				9B2E75AA02869824C358121FFDD16BEE /* ArtifactInspectorComponents.swift in Sources */,
				1C3B4F15663420851C488DBFE86A3A97 /* ArtifactLibraryModels.swift in Sources */,
				4C64C07A83FD4825C9EF8E0E947B2EA0 /* ArtifactLibraryPreviewComponents.swift in Sources */,
				78CB833ABEB4D9D99B4C4C3E62C61BE7 /* ArtifactLibraryScanner.swift in Sources */,
				BB2127D8AAA6F2F266A32A4133B6D194 /* ArtifactLibraryStore.swift in Sources */,
				88F35707C31499B2BBC7D12D7C8374D5 /* ArtifactLibraryView.swift in Sources */,
				614126D8119D8F2B2D02820FFEFECB2A /* ArtifactLineage.swift in Sources */,
				D267560C4F19ED1833FEA02A6783020B /* BackendDiagnosticsView.swift in Sources */,
				D8043D310B8C5FB18AF05BFA9204EA6B /* BackendSupervisor.swift in Sources */,
				2EFFE92555FD49E239C95DAEC3688D5F /* CodexFallbackProviderClient.swift in Sources */,
				6564595EB2B4B11CDB7FA8CA3229BA40 /* GoogleGeminiProviderClient.swift in Sources */,
				A6F9608279455D65591FBEF58720E46C /* LegacyPythonProviderClient.swift in Sources */,
				E5143D2627C09251D5B5A440E4E8A052 /* MetalImagePreviewView.swift in Sources */,
				9463AF2DE67608D653ADE3092764F740 /* NativeImageGenerationModels.swift in Sources */,
				8EEB7DC9E61969A485EE33E0AF302FF1 /* NativeImageGenerationStore.swift in Sources */,
				7232950FBB53BBAFF86AE7C77A6C1A52 /* NativeImageGenerationSupport.swift in Sources */,
				6E8686585D4399F0D89CE94B9E14C9E6 /* NativeLocalProviderClient.swift in Sources */,
				B6113A7355D8043C715E0859B4DC9EF2 /* NativePromptStudioView.swift in Sources */,
				7DEACDC5AE15597BA762B08C5F65F1C0 /* NativeProviderCallRecorder.swift in Sources */,
				DE1323F86ED115A7AC28FA3DFEDDAA5E /* NativeProviderCompletionCoordinator.swift in Sources */,
				4F3122B64BB0D869C9FBA20019179DD3 /* NativeProviderRelays.swift in Sources */,
				1C611A29C7E9FEBE77F91792E73F74BF /* NativeProviderResponsePersister.swift in Sources */,
				C2E5EA43B700B596D1B5E4BB9FF208BC /* NativeRefinementModels.swift in Sources */,
				A96BE24CE3C6FA6BC5098BF4D229BB0E /* NativeRefinementStore.swift in Sources */,
				D59E5AADDD8C029864904D370EA9DB39 /* NativeRefinementSupport.swift in Sources */,
				A6AA69CB25DE1666E9CA5D8206EDEB0D /* NativeRefinementWorkspaceView.swift in Sources */,
				EF3D1C649982A21A4C6B17EF1BA86F93 /* NativeRunEventRecorder.swift in Sources */,
				D6800CB7E791AF22E77DA4B4A46C9185 /* NativeRunFolderIndex.swift in Sources */,
				572754525534D4BF74302FAD18F10328 /* NativeRunPreflightPlan.swift in Sources */,
				7633B04C525CE8BF98F5E5CB3930FBB5 /* OpenRouterProviderClient.swift in Sources */,
				9CE11173606CDB19F17A007B408F08CD /* PaperBananaApp.swift in Sources */,
				528FBD6F99C50C17DC9041451E345C7C /* PaperBananaAppEntities.swift in Sources */,
				221534EFD0203D2ADB247BE88FBC7399 /* PaperBananaImageQualityInspector.swift in Sources */,
				18177AB3DF80448BFB660CAD94C47F97 /* PaperBananaModels.swift in Sources */,
				E26DD585309BDE65BD5D92E23DDDE9C3 /* PaperBananaRepoLocator.swift in Sources */,
				D40EA95E2899BD3C3037147E9DE50BC0 /* PaperBananaRuntimeEnvironment.swift in Sources */,
				E96D9401BD25BAA597F9D9CEC3216848 /* PaperBananaSecretStore.swift in Sources */,
				30992AA1448238EAD4FDBB51E2820127 /* PaperBananaSpotlightIndexer.swift in Sources */,
				F0240C0CDC7BC7DE4DBF97E8343D6BEA /* PaperBananaWindowPlacement.swift in Sources */,
				AF4310EED3F5D62DAB0DFE6CED0A5A1A /* PaperBananaWorkflowEvaluator.swift in Sources */,
				925E0A8CE5D4CDD261BC2E8AC2474333 /* ProviderAuditWriter.swift in Sources */,
				9FAA0BD99420C7E018B805966F01C39A /* ProviderRecoverySurfacer.swift in Sources */,
				B7AE4E8A8BE3A8CCF63239C187E6DA6C /* ProviderRunLedgerModels.swift in Sources */,
				FDDA81F103C9E0C0F4700AF4FE8B22B1 /* ProviderRunLedgerScanner.swift in Sources */,
				423578CCD8DB98E686C359F318714930 /* ProviderRunLedgerStore.swift in Sources */,
				88EA3D6112327C19E046EA536EFDD0F6 /* ProviderRunLedgerView.swift in Sources */,
				779E09797BE65F3987E88407C4ACAE31 /* ProviderRuntime.swift in Sources */,
				A4A13F2A5E9036A76BAEBD5008B380F0 /* ReferenceExampleModels.swift in Sources */,
				B07F92F69875DD42EBC14B5A652DE419 /* ReferenceExamplePickerView.swift in Sources */,
				69EB11C60DA916B3740CA7B00E9B4377 /* ReferenceExampleStore.swift in Sources */,
				7A72CCCACE88F5C6CF664B88FE561251 /* RefinementOptionBar.swift in Sources */,
				A526F0F3B298893D3EDB5E6488631869 /* RefinementSheetView.swift in Sources */,
				3FCDF5E3F0340808534BD34665E70791 /* RootSidebarView.swift in Sources */,
				C9A4BC84D974E2A62CB787D2F5954BDF /* RootView.swift in Sources */,
				9754ACC03CC4FE3DE01C7D5003C490F9 /* RunDetailsInspectorView.swift in Sources */,
				45FD046DFA4D7E308690453839EDC81F /* RunDetailsRunListView.swift in Sources */,
				EB922FBBEC61A0CFC255BBE43AA214BC /* RunDetailsScanner.swift in Sources */,
				9BB9BAD44C2EBEDF74C963ADA4B3FB8C /* RunDetailsSections.swift in Sources */,
				1F6843A915E1E11BD8637D4E4FFAEEB9 /* RunDetailsStore.swift in Sources */,
				D3CB8670FA10DAD8C461550CA9154C80 /* RunDetailsView.swift in Sources */,
				EAD212452BDAE5612A0F28BE9D29395B /* RunStore.swift in Sources */,
				881AD5A27D6047DF6F1CE0AD97536DC9 /* RunStoreProviderCalls.swift in Sources */,
				FCFBFE5308646AECC9A9D34A810EBBF6 /* RunStoreQueries.swift in Sources */,
				0C6FC3A34BD568A752607514F8BA7AED /* RunStoreRecovery.swift in Sources */,
				47383CDB0D6FECCC386FFEFA98D5D9A5 /* SettingsPanes.swift in Sources */,
				29F4590E82E1EDC966701B07982EE41F /* SettingsView.swift in Sources */,
				C1FF7A1973BCCBAA2BDFE4305C5E896A /* WorkbenchComponents.swift in Sources */,
				0CCD9BA0E4B785ECBDF4A64FAB56D3CC /* WorkspaceScopeStrip.swift in Sources */,
			);
			runOnlyForDeploymentPostprocessing = 0;
		};
		646B5A778BC2BB390BBF19A2C71BBCF3 /* Sources */ = {
			isa = PBXSourcesBuildPhase;
			buildActionMask = 2147483647;
			files = (
				28495AC75F8527A7DC927CE8F4211022 /* ArtifactLibraryScannerTests.swift in Sources */,
				C2A60EAED26FA085CE337C875D2178A4 /* BackendSupervisorHeartbeatTests.swift in Sources */,
				FD97498CC81C54BBC8834B966BE0BCF7 /* NativeImageGenerationStoreTests.swift in Sources */,
				06BC635123652DBFF07AADFA6262E613 /* NativeRefinementStoreTests.swift in Sources */,
				3F6F725C905D7F075C90156A5F87FA34 /* NoCredentialServicesRegressionTests.swift in Sources */,
				416C9846AFB2A3DBB5D5597A1C7347CA /* PaperBananaAppEntityTests.swift in Sources */,
				833D4C9834910A7D03A3293E155436A5 /* PaperBananaSecretStoreTests.swift in Sources */,
				3AA9E387E9436C433C65D97BED3CF8A5 /* ProviderRunLedgerTests.swift in Sources */,
				BF7108F13F2A22EF4D1F5C665B37593E /* ProviderRuntimeTests.swift in Sources */,
				DF278993117FFD8E5263C5DA47F2F77B /* ReferenceExampleStoreTests.swift in Sources */,
				79FF63559A39650381D66F90AB6D6AE5 /* RunStoreTests.swift in Sources */,
				D06D8032F075829E0977E75C5761DA35 /* WindowPlacementTests.swift in Sources */,
			);
			runOnlyForDeploymentPostprocessing = 0;
		};
/* End PBXSourcesBuildPhase section */

/* Begin PBXTargetDependency section */
		3552AD87F79FE41C54A7745FC7F32E8D /* PBXTargetDependency */ = {
			isa = PBXTargetDependency;
			target = 249F6EE1E14FB0FE7DD815C3186204C7 /* PaperBanana */;
			targetProxy = 805490677DA0393088EAA61CB61AE607 /* PBXContainerItemProxy */;
		};
/* End PBXTargetDependency section */

/* Begin XCBuildConfiguration section */
		0A89C7BBB0C451F7E5DBD4A2A79CB125 /* Release */ = {
			isa = XCBuildConfiguration;
			buildSettings = {
				BUNDLE_LOADER = "$(TEST_HOST)";
				COMBINE_HIDPI_IMAGES = YES;
				GENERATE_INFOPLIST_FILE = YES;
				LD_RUNPATH_SEARCH_PATHS = (
					"$(inherited)",
					"@executable_path/../Frameworks",
					"@loader_path/../Frameworks",
				);
				MACOSX_DEPLOYMENT_TARGET = 13.0;
				PRODUCT_BUNDLE_IDENTIFIER = local.paperbanana.gui.tests;
				SDKROOT = macosx;
				TEST_HOST = "$(BUILT_PRODUCTS_DIR)/PaperBanana.app/Contents/MacOS/PaperBanana";
			};
			name = Release;
		};
		1D3534D5920B6083C8C6445C1823F3D9 /* Release */ = {
			isa = XCBuildConfiguration;
			buildSettings = {
				ALWAYS_SEARCH_USER_PATHS = NO;
				CLANG_ANALYZER_NONNULL = YES;
				CLANG_ANALYZER_NUMBER_OBJECT_CONVERSION = YES_AGGRESSIVE;
				CLANG_CXX_LANGUAGE_STANDARD = "gnu++14";
				CLANG_CXX_LIBRARY = "libc++";
				CLANG_ENABLE_MODULES = YES;
				CLANG_ENABLE_OBJC_ARC = YES;
				CLANG_ENABLE_OBJC_WEAK = YES;
				CLANG_WARN_BLOCK_CAPTURE_AUTORELEASING = YES;
				CLANG_WARN_BOOL_CONVERSION = YES;
				CLANG_WARN_COMMA = YES;
				CLANG_WARN_CONSTANT_CONVERSION = YES;
				CLANG_WARN_DEPRECATED_OBJC_IMPLEMENTATIONS = YES;
				CLANG_WARN_DIRECT_OBJC_ISA_USAGE = YES_ERROR;
				CLANG_WARN_DOCUMENTATION_COMMENTS = YES;
				CLANG_WARN_EMPTY_BODY = YES;
				CLANG_WARN_ENUM_CONVERSION = YES;
				CLANG_WARN_INFINITE_RECURSION = YES;
				CLANG_WARN_INT_CONVERSION = YES;
				CLANG_WARN_NON_LITERAL_NULL_CONVERSION = YES;
				CLANG_WARN_OBJC_IMPLICIT_RETAIN_SELF = YES;
				CLANG_WARN_OBJC_LITERAL_CONVERSION = YES;
				CLANG_WARN_OBJC_ROOT_CLASS = YES_ERROR;
				CLANG_WARN_QUOTED_INCLUDE_IN_FRAMEWORK_HEADER = YES;
				CLANG_WARN_RANGE_LOOP_ANALYSIS = YES;
				CLANG_WARN_STRICT_PROTOTYPES = YES;
				CLANG_WARN_SUSPICIOUS_MOVE = YES;
				CLANG_WARN_UNGUARDED_AVAILABILITY = YES_AGGRESSIVE;
				CLANG_WARN_UNREACHABLE_CODE = YES;
				CLANG_WARN__DUPLICATE_METHOD_MATCH = YES;
				CODE_SIGN_IDENTITY = "-";
				CODE_SIGN_STYLE = Manual;
				COPY_PHASE_STRIP = NO;
				CURRENT_PROJECT_VERSION = 1;
				DEBUG_INFORMATION_FORMAT = "dwarf-with-dsym";
				ENABLE_NS_ASSERTIONS = NO;
				ENABLE_STRICT_OBJC_MSGSEND = YES;
				GCC_C_LANGUAGE_STANDARD = gnu11;
				GCC_NO_COMMON_BLOCKS = YES;
				GCC_WARN_64_TO_32_BIT_CONVERSION = YES;
				GCC_WARN_ABOUT_RETURN_TYPE = YES_ERROR;
				GCC_WARN_UNDECLARED_SELECTOR = YES;
				GCC_WARN_UNINITIALIZED_AUTOS = YES_AGGRESSIVE;
				GCC_WARN_UNUSED_FUNCTION = YES;
				GCC_WARN_UNUSED_VARIABLE = YES;
				MACOSX_DEPLOYMENT_TARGET = 13.0;
				MARKETING_VERSION = 0.1.0;
				MTL_ENABLE_DEBUG_INFO = NO;
				MTL_FAST_MATH = YES;
				PRODUCT_NAME = "$(TARGET_NAME)";
				SDKROOT = macosx;
				SWIFT_COMPILATION_MODE = wholemodule;
				SWIFT_OPTIMIZATION_LEVEL = "-O";
				SWIFT_VERSION = 6.0;
			};
			name = Release;
		};
		2076A4CA966EAB093EB6F3A21E7EC19F /* Debug */ = {
			isa = XCBuildConfiguration;
			buildSettings = {
				ASSETCATALOG_COMPILER_APPICON_NAME = AppIcon;
				ASSETCATALOG_COMPILER_GLOBAL_ACCENT_COLOR_NAME = AccentColor;
				COMBINE_HIDPI_IMAGES = YES;
				GENERATE_INFOPLIST_FILE = YES;
				INFOPLIST_KEY_CFBundleDisplayName = PaperBanana;
				INFOPLIST_KEY_CFBundleName = PaperBanana;
				INFOPLIST_KEY_LSApplicationCategoryType = "public.app-category.graphics-design";
				INFOPLIST_KEY_LSMinimumSystemVersion = 13.0;
				INFOPLIST_KEY_NSHighResolutionCapable = YES;
				LD_RUNPATH_SEARCH_PATHS = (
					"$(inherited)",
					"@executable_path/../Frameworks",
				);
				MACOSX_DEPLOYMENT_TARGET = 13.0;
				PRODUCT_BUNDLE_IDENTIFIER = local.paperbanana.gui;
				PRODUCT_NAME = PaperBanana;
				SDKROOT = macosx;
			};
			name = Debug;
		};
		3A5E344720CCAB6A5B4256B51A6384FF /* Debug */ = {
			isa = XCBuildConfiguration;
			buildSettings = {
				ALWAYS_SEARCH_USER_PATHS = NO;
				CLANG_ANALYZER_NONNULL = YES;
				CLANG_ANALYZER_NUMBER_OBJECT_CONVERSION = YES_AGGRESSIVE;
				CLANG_CXX_LANGUAGE_STANDARD = "gnu++14";
				CLANG_CXX_LIBRARY = "libc++";
				CLANG_ENABLE_MODULES = YES;
				CLANG_ENABLE_OBJC_ARC = YES;
				CLANG_ENABLE_OBJC_WEAK = YES;
				CLANG_WARN_BLOCK_CAPTURE_AUTORELEASING = YES;
				CLANG_WARN_BOOL_CONVERSION = YES;
				CLANG_WARN_COMMA = YES;
				CLANG_WARN_CONSTANT_CONVERSION = YES;
				CLANG_WARN_DEPRECATED_OBJC_IMPLEMENTATIONS = YES;
				CLANG_WARN_DIRECT_OBJC_ISA_USAGE = YES_ERROR;
				CLANG_WARN_DOCUMENTATION_COMMENTS = YES;
				CLANG_WARN_EMPTY_BODY = YES;
				CLANG_WARN_ENUM_CONVERSION = YES;
				CLANG_WARN_INFINITE_RECURSION = YES;
				CLANG_WARN_INT_CONVERSION = YES;
				CLANG_WARN_NON_LITERAL_NULL_CONVERSION = YES;
				CLANG_WARN_OBJC_IMPLICIT_RETAIN_SELF = YES;
				CLANG_WARN_OBJC_LITERAL_CONVERSION = YES;
				CLANG_WARN_OBJC_ROOT_CLASS = YES_ERROR;
				CLANG_WARN_QUOTED_INCLUDE_IN_FRAMEWORK_HEADER = YES;
				CLANG_WARN_RANGE_LOOP_ANALYSIS = YES;
				CLANG_WARN_STRICT_PROTOTYPES = YES;
				CLANG_WARN_SUSPICIOUS_MOVE = YES;
				CLANG_WARN_UNGUARDED_AVAILABILITY = YES_AGGRESSIVE;
				CLANG_WARN_UNREACHABLE_CODE = YES;
				CLANG_WARN__DUPLICATE_METHOD_MATCH = YES;
				CODE_SIGN_IDENTITY = "-";
				CODE_SIGN_STYLE = Manual;
				COPY_PHASE_STRIP = NO;
				CURRENT_PROJECT_VERSION = 1;
				DEBUG_INFORMATION_FORMAT = dwarf;
				ENABLE_STRICT_OBJC_MSGSEND = YES;
				ENABLE_TESTABILITY = YES;
				GCC_C_LANGUAGE_STANDARD = gnu11;
				GCC_DYNAMIC_NO_PIC = NO;
				GCC_NO_COMMON_BLOCKS = YES;
				GCC_OPTIMIZATION_LEVEL = 0;
				GCC_PREPROCESSOR_DEFINITIONS = (
					"$(inherited)",
					"DEBUG=1",
				);
				GCC_WARN_64_TO_32_BIT_CONVERSION = YES;
				GCC_WARN_ABOUT_RETURN_TYPE = YES_ERROR;
				GCC_WARN_UNDECLARED_SELECTOR = YES;
				GCC_WARN_UNINITIALIZED_AUTOS = YES_AGGRESSIVE;
				GCC_WARN_UNUSED_FUNCTION = YES;
				GCC_WARN_UNUSED_VARIABLE = YES;
				MACOSX_DEPLOYMENT_TARGET = 13.0;
				MARKETING_VERSION = 0.1.0;
				MTL_ENABLE_DEBUG_INFO = INCLUDE_SOURCE;
				MTL_FAST_MATH = YES;
				ONLY_ACTIVE_ARCH = YES;
				PRODUCT_NAME = "$(TARGET_NAME)";
				SDKROOT = macosx;
				SWIFT_ACTIVE_COMPILATION_CONDITIONS = DEBUG;
				SWIFT_OPTIMIZATION_LEVEL = "-Onone";
				SWIFT_VERSION = 6.0;
			};
			name = Debug;
		};
		66B7F7C6C612788D3442165177D6D7C9 /* Debug */ = {
			isa = XCBuildConfiguration;
			buildSettings = {
				BUNDLE_LOADER = "$(TEST_HOST)";
				COMBINE_HIDPI_IMAGES = YES;
				GENERATE_INFOPLIST_FILE = YES;
				LD_RUNPATH_SEARCH_PATHS = (
					"$(inherited)",
					"@executable_path/../Frameworks",
					"@loader_path/../Frameworks",
				);
				MACOSX_DEPLOYMENT_TARGET = 13.0;
				PRODUCT_BUNDLE_IDENTIFIER = local.paperbanana.gui.tests;
				SDKROOT = macosx;
				TEST_HOST = "$(BUILT_PRODUCTS_DIR)/PaperBanana.app/Contents/MacOS/PaperBanana";
			};
			name = Debug;
		};
		B0C71451BD775D5F9812C789F3AE6AB5 /* Release */ = {
			isa = XCBuildConfiguration;
			buildSettings = {
				ASSETCATALOG_COMPILER_APPICON_NAME = AppIcon;
				ASSETCATALOG_COMPILER_GLOBAL_ACCENT_COLOR_NAME = AccentColor;
				COMBINE_HIDPI_IMAGES = YES;
				GENERATE_INFOPLIST_FILE = YES;
				INFOPLIST_KEY_CFBundleDisplayName = PaperBanana;
				INFOPLIST_KEY_CFBundleName = PaperBanana;
				INFOPLIST_KEY_LSApplicationCategoryType = "public.app-category.graphics-design";
				INFOPLIST_KEY_LSMinimumSystemVersion = 13.0;
				INFOPLIST_KEY_NSHighResolutionCapable = YES;
				LD_RUNPATH_SEARCH_PATHS = (
					"$(inherited)",
					"@executable_path/../Frameworks",
				);
				MACOSX_DEPLOYMENT_TARGET = 13.0;
				PRODUCT_BUNDLE_IDENTIFIER = local.paperbanana.gui;
				PRODUCT_NAME = PaperBanana;
				SDKROOT = macosx;
			};
			name = Release;
		};
/* End XCBuildConfiguration section */

/* Begin XCConfigurationList section */
		2928DEEC7D0AD0A6095FFC1171114948 /* Build configuration list for PBXNativeTarget "PaperBanana" */ = {
			isa = XCConfigurationList;
			buildConfigurations = (
				2076A4CA966EAB093EB6F3A21E7EC19F /* Debug */,
				B0C71451BD775D5F9812C789F3AE6AB5 /* Release */,
			);
			defaultConfigurationIsVisible = 0;
			defaultConfigurationName = Debug;
		};
		E22D938667B31F0C25A8D89AAA034264 /* Build configuration list for PBXProject "PaperBanana" */ = {
			isa = XCConfigurationList;
			buildConfigurations = (
				3A5E344720CCAB6A5B4256B51A6384FF /* Debug */,
				1D3534D5920B6083C8C6445C1823F3D9 /* Release */,
			);
			defaultConfigurationIsVisible = 0;
			defaultConfigurationName = Debug;
		};
		F644C73BF4D8DA1E4FF78EE86BF8473C /* Build configuration list for PBXNativeTarget "PaperBananaTests" */ = {
			isa = XCConfigurationList;
			buildConfigurations = (
				66B7F7C6C612788D3442165177D6D7C9 /* Debug */,
				0A89C7BBB0C451F7E5DBD4A2A79CB125 /* Release */,
			);
			defaultConfigurationIsVisible = 0;
			defaultConfigurationName = Debug;
		};
/* End XCConfigurationList section */
	};
	rootObject = C759DE2735B90563363BA45A09BB6B93 /* Project object */;
}
